// !$*UTF8*$!
{
	archiveVersion = 1;
	classes = {
	};
	objectVersion = 50;
	objects = {

/* Begin PBXBuildFile section */
		3B0EF0B02325084F008061F2 /* AppDelegate.swift in Sources */ = {isa = PBXBuildFile; fileRef = 3B0EF0AF2325084F008061F2 /* AppDelegate.swift */; };
		3B0EF0B22325084F008061F2 /* ViewController.swift in Sources */ = {isa = PBXBuildFile; fileRef = 3B0EF0B12325084F008061F2 /* ViewController.swift */; };
		3B0EF0B423250850008061F2 /* Assets.xcassets in Resources */ = {isa = PBXBuildFile; fileRef = 3B0EF0B323250850008061F2 /* Assets.xcassets */; };
		3B0EF0B723250850008061F2 /* Main.storyboard in Resources */ = {isa = PBXBuildFile; fileRef = 3B0EF0B523250850008061F2 /* Main.storyboard */; };
		3B0EF0C323250850008061F2 /* NoteNowTests.swift in Sources */ = {isa = PBXBuildFile; fileRef = 3B0EF0C223250850008061F2 /* NoteNowTests.swift */; };
		3B19DFF423345DFD00A3198C /* AppData.swift in Sources */ = {isa = PBXBuildFile; fileRef = 3B19DFF323345DFD00A3198C /* AppData.swift */; };
		3B4717BD232E512700B349EB /* HotKey.framework in Frameworks */ = {isa = PBXBuildFile; fileRef = 3B4717BB232E512700B349EB /* HotKey.framework */; };
		3B4717BE232E512700B349EB /* HotKey.framework in Embed Frameworks */ = {isa = PBXBuildFile; fileRef = 3B4717BB232E512700B349EB /* HotKey.framework */; settings = {ATTRIBUTES = (CodeSignOnCopy, RemoveHeadersOnCopy, ); }; };
		3B4717C4232E52E100B349EB /* Cartfile in Resources */ = {isa = PBXBuildFile; fileRef = 3B4717C3232E52E100B349EB /* Cartfile */; };
		3B4717C6232E533E00B349EB /* HotKey.framework.dSYM in CopyFiles */ = {isa = PBXBuildFile; fileRef = 3B4717C5232E533E00B349EB /* HotKey.framework.dSYM */; };
		3B4717C8232E58AD00B349EB /* PrefsWindowController.swift in Sources */ = {isa = PBXBuildFile; fileRef = 3B4717C7232E58AD00B349EB /* PrefsWindowController.swift */; };
		3B4717CA232E60EB00B349EB /* GlobalKeybindPreferences.swift in Sources */ = {isa = PBXBuildFile; fileRef = 3B4717C9232E60EB00B349EB /* GlobalKeybindPreferences.swift */; };
		3B4717CC23323CD700B349EB /* Storage.swift in Sources */ = {isa = PBXBuildFile; fileRef = 3B4717CB23323CD700B349EB /* Storage.swift */; };
		3B4717CE233446B800B349EB /* PrefsWindow.swift in Sources */ = {isa = PBXBuildFile; fileRef = 3B4717CD233446B800B349EB /* PrefsWindow.swift */; };
		3B7660C5232CEB99005D65E4 /* PrefsViewController.swift in Sources */ = {isa = PBXBuildFile; fileRef = 3B7660C4232CEB99005D65E4 /* PrefsViewController.swift */; };
/* End PBXBuildFile section */

/* Begin PBXContainerItemProxy section */
		3B0EF0BF23250850008061F2 /* PBXContainerItemProxy */ = {
			isa = PBXContainerItemProxy;
			containerPortal = 3B0EF0A42325084F008061F2 /* Project object */;
			proxyType = 1;
			remoteGlobalIDString = 3B0EF0AB2325084F008061F2;
			remoteInfo = NoteNow;
		};
/* End PBXContainerItemProxy section */

/* Begin PBXCopyFilesBuildPhase section */
		3B4717BF232E512700B349EB /* Embed Frameworks */ = {
			isa = PBXCopyFilesBuildPhase;
			buildActionMask = 2147483647;
			dstPath = "";
			dstSubfolderSpec = 10;
			files = (
				3B4717BE232E512700B349EB /* HotKey.framework in Embed Frameworks */,
			);
			name = "Embed Frameworks";
			runOnlyForDeploymentPostprocessing = 0;
		};
		3B4717C0232E517600B349EB /* CopyFiles */ = {
			isa = PBXCopyFilesBuildPhase;
			buildActionMask = 2147483647;
			dstPath = "";
			dstSubfolderSpec = 16;
			files = (
				3B4717C6232E533E00B349EB /* HotKey.framework.dSYM in CopyFiles */,
			);
			runOnlyForDeploymentPostprocessing = 0;
		};
/* End PBXCopyFilesBuildPhase section */

/* Begin PBXFileReference section */
		3B0EF0AC2325084F008061F2 /* NoteNow.app */ = {isa = PBXFileReference; explicitFileType = wrapper.application; includeInIndex = 0; path = NoteNow.app; sourceTree = BUILT_PRODUCTS_DIR; };
		3B0EF0AF2325084F008061F2 /* AppDelegate.swift */ = {isa = PBXFileReference; lastKnownFileType = sourcecode.swift; path = AppDelegate.swift; sourceTree = "<group>"; };
		3B0EF0B12325084F008061F2 /* ViewController.swift */ = {isa = PBXFileReference; lastKnownFileType = sourcecode.swift; path = ViewController.swift; sourceTree = "<group>"; };
		3B0EF0B323250850008061F2 /* Assets.xcassets */ = {isa = PBXFileReference; lastKnownFileType = folder.assetcatalog; path = Assets.xcassets; sourceTree = "<group>"; };
		3B0EF0B623250850008061F2 /* Base */ = {isa = PBXFileReference; lastKnownFileType = file.storyboard; name = Base; path = Base.lproj/Main.storyboard; sourceTree = "<group>"; };
		3B0EF0B823250850008061F2 /* Info.plist */ = {isa = PBXFileReference; lastKnownFileType = text.plist.xml; path = Info.plist; sourceTree = "<group>"; };
		3B0EF0B923250850008061F2 /* NoteNow.entitlements */ = {isa = PBXFileReference; lastKnownFileType = text.plist.entitlements; path = NoteNow.entitlements; sourceTree = "<group>"; };
		3B0EF0BE23250850008061F2 /* NoteNowTests.xctest */ = {isa = PBXFileReference; explicitFileType = wrapper.cfbundle; includeInIndex = 0; path = NoteNowTests.xctest; sourceTree = BUILT_PRODUCTS_DIR; };
		3B0EF0C223250850008061F2 /* NoteNowTests.swift */ = {isa = PBXFileReference; lastKnownFileType = sourcecode.swift; path = NoteNowTests.swift; sourceTree = "<group>"; };
		3B0EF0C423250850008061F2 /* Info.plist */ = {isa = PBXFileReference; lastKnownFileType = text.plist.xml; path = Info.plist; sourceTree = "<group>"; };
		3B19DFF323345DFD00A3198C /* AppData.swift */ = {isa = PBXFileReference; lastKnownFileType = sourcecode.swift; path = AppData.swift; sourceTree = "<group>"; };
		3B4717BB232E512700B349EB /* HotKey.framework */ = {isa = PBXFileReference; lastKnownFileType = wrapper.framework; name = HotKey.framework; path = Carthage/Build/Mac/HotKey.framework; sourceTree = "<group>"; };
		3B4717C3232E52E100B349EB /* Cartfile */ = {isa = PBXFileReference; fileEncoding = 4; lastKnownFileType = text; path = Cartfile; sourceTree = "<group>"; };
		3B4717C5232E533E00B349EB /* HotKey.framework.dSYM */ = {isa = PBXFileReference; lastKnownFileType = wrapper.dsym; name = HotKey.framework.dSYM; path = Carthage/Build/Mac/HotKey.framework.dSYM; sourceTree = "<group>"; };
		3B4717C7232E58AD00B349EB /* PrefsWindowController.swift */ = {isa = PBXFileReference; lastKnownFileType = sourcecode.swift; path = PrefsWindowController.swift; sourceTree = "<group>"; };
		3B4717C9232E60EB00B349EB /* GlobalKeybindPreferences.swift */ = {isa = PBXFileReference; lastKnownFileType = sourcecode.swift; path = GlobalKeybindPreferences.swift; sourceTree = "<group>"; };
		3B4717CB23323CD700B349EB /* Storage.swift */ = {isa = PBXFileReference; lastKnownFileType = sourcecode.swift; path = Storage.swift; sourceTree = "<group>"; };
		3B4717CD233446B800B349EB /* PrefsWindow.swift */ = {isa = PBXFileReference; lastKnownFileType = sourcecode.swift; path = PrefsWindow.swift; sourceTree = "<group>"; };
		3B7660C4232CEB99005D65E4 /* PrefsViewController.swift */ = {isa = PBXFileReference; lastKnownFileType = sourcecode.swift; path = PrefsViewController.swift; sourceTree = "<group>"; };
/* End PBXFileReference section */

/* Begin PBXFrameworksBuildPhase section */
		3B0EF0A92325084F008061F2 /* Frameworks */ = {
			isa = PBXFrameworksBuildPhase;
			buildActionMask = 2147483647;
			files = (
				3B4717BD232E512700B349EB /* HotKey.framework in Frameworks */,
			);
			runOnlyForDeploymentPostprocessing = 0;
		};
		3B0EF0BB23250850008061F2 /* Frameworks */ = {
			isa = PBXFrameworksBuildPhase;
			buildActionMask = 2147483647;
			files = (
			);
			runOnlyForDeploymentPostprocessing = 0;
		};
/* End PBXFrameworksBuildPhase section */

/* Begin PBXGroup section */
		3B0EF0A32325084E008061F2 = {
			isa = PBXGroup;
			children = (
				3B4717C5232E533E00B349EB /* HotKey.framework.dSYM */,
				3B4717BB232E512700B349EB /* HotKey.framework */,
				3B4717C3232E52E100B349EB /* Cartfile */,
				3B0EF0AE2325084F008061F2 /* NoteNow */,
				3B0EF0C123250850008061F2 /* NoteNowTests */,
				3B0EF0AD2325084F008061F2 /* Products */,
			);
			sourceTree = "<group>";
		};
		3B0EF0AD2325084F008061F2 /* Products */ = {
			isa = PBXGroup;
			children = (
				3B0EF0AC2325084F008061F2 /* NoteNow.app */,
				3B0EF0BE23250850008061F2 /* NoteNowTests.xctest */,
			);
			name = Products;
			sourceTree = "<group>";
		};
		3B0EF0AE2325084F008061F2 /* NoteNow */ = {
			isa = PBXGroup;
			children = (
				3B0EF0AF2325084F008061F2 /* AppDelegate.swift */,
				3B0EF0B12325084F008061F2 /* ViewController.swift */,
				3B4717CD233446B800B349EB /* PrefsWindow.swift */,
				3B4717C7232E58AD00B349EB /* PrefsWindowController.swift */,
				3B7660C4232CEB99005D65E4 /* PrefsViewController.swift */,
				3B19DFF323345DFD00A3198C /* AppData.swift */,
				3B4717C9232E60EB00B349EB /* GlobalKeybindPreferences.swift */,
				3B4717CB23323CD700B349EB /* Storage.swift */,
				3B0EF0B323250850008061F2 /* Assets.xcassets */,
				3B0EF0B523250850008061F2 /* Main.storyboard */,
				3B0EF0B823250850008061F2 /* Info.plist */,
				3B0EF0B923250850008061F2 /* NoteNow.entitlements */,
			);
			path = NoteNow;
			sourceTree = "<group>";
		};
		3B0EF0C123250850008061F2 /* NoteNowTests */ = {
			isa = PBXGroup;
			children = (
				3B0EF0C223250850008061F2 /* NoteNowTests.swift */,
				3B0EF0C423250850008061F2 /* Info.plist */,
			);
			path = NoteNowTests;
			sourceTree = "<group>";
		};
/* End PBXGroup section */

/* Begin PBXNativeTarget section */
		3B0EF0AB2325084F008061F2 /* NoteNow */ = {
			isa = PBXNativeTarget;
			buildConfigurationList = 3B0EF0C723250850008061F2 /* Build configuration list for PBXNativeTarget "NoteNow" */;
			buildPhases = (
				3B0EF0A82325084F008061F2 /* Sources */,
				3B0EF0A92325084F008061F2 /* Frameworks */,
				3B0EF0AA2325084F008061F2 /* Resources */,
				3B4717BF232E512700B349EB /* Embed Frameworks */,
				3B4717C0232E517600B349EB /* CopyFiles */,
			);
			buildRules = (
			);
			dependencies = (
			);
			name = NoteNow;
			productName = NoteNow;
			productReference = 3B0EF0AC2325084F008061F2 /* NoteNow.app */;
			productType = "com.apple.product-type.application";
		};
		3B0EF0BD23250850008061F2 /* NoteNowTests */ = {
			isa = PBXNativeTarget;
			buildConfigurationList = 3B0EF0CA23250850008061F2 /* Build configuration list for PBXNativeTarget "NoteNowTests" */;
			buildPhases = (
				3B0EF0BA23250850008061F2 /* Sources */,
				3B0EF0BB23250850008061F2 /* Frameworks */,
				3B0EF0BC23250850008061F2 /* Resources */,
			);
			buildRules = (
			);
			dependencies = (
				3B0EF0C023250850008061F2 /* PBXTargetDependency */,
			);
			name = NoteNowTests;
			productName = NoteNowTests;
			productReference = 3B0EF0BE23250850008061F2 /* NoteNowTests.xctest */;
			productType = "com.apple.product-type.bundle.unit-test";
		};
/* End PBXNativeTarget section */

/* Begin PBXProject section */
		3B0EF0A42325084F008061F2 /* Project object */ = {
			isa = PBXProject;
			attributes = {
				LastSwiftUpdateCheck = 1030;
				LastUpgradeCheck = 1030;
				ORGANIZATIONNAME = "Huon Imberger";
				TargetAttributes = {
					3B0EF0AB2325084F008061F2 = {
						CreatedOnToolsVersion = 10.3;
					};
					3B0EF0BD23250850008061F2 = {
						CreatedOnToolsVersion = 10.3;
						TestTargetID = 3B0EF0AB2325084F008061F2;
					};
				};
			};
			buildConfigurationList = 3B0EF0A72325084F008061F2 /* Build configuration list for PBXProject "NoteNow" */;
			compatibilityVersion = "Xcode 9.3";
			developmentRegion = en;
			hasScannedForEncodings = 0;
			knownRegions = (
				en,
				Base,
			);
			mainGroup = 3B0EF0A32325084E008061F2;
			productRefGroup = 3B0EF0AD2325084F008061F2 /* Products */;
			projectDirPath = "";
			projectRoot = "";
			targets = (
				3B0EF0AB2325084F008061F2 /* NoteNow */,
				3B0EF0BD23250850008061F2 /* NoteNowTests */,
			);
		};
/* End PBXProject section */

/* Begin PBXResourcesBuildPhase section */
		3B0EF0AA2325084F008061F2 /* Resources */ = {
			isa = PBXResourcesBuildPhase;
			buildActionMask = 2147483647;
			files = (
				3B4717C4232E52E100B349EB /* Cartfile in Resources */,
				3B0EF0B423250850008061F2 /* Assets.xcassets in Resources */,
				3B0EF0B723250850008061F2 /* Main.storyboard in Resources */,
			);
			runOnlyForDeploymentPostprocessing = 0;
		};
		3B0EF0BC23250850008061F2 /* Resources */ = {
			isa = PBXResourcesBuildPhase;
			buildActionMask = 2147483647;
			files = (
			);
			runOnlyForDeploymentPostprocessing = 0;
		};
/* End PBXResourcesBuildPhase section */

/* Begin PBXSourcesBuildPhase section */
		3B0EF0A82325084F008061F2 /* Sources */ = {
			isa = PBXSourcesBuildPhase;
			buildActionMask = 2147483647;
			files = (
				3B4717CA232E60EB00B349EB /* GlobalKeybindPreferences.swift in Sources */,
				3B0EF0B22325084F008061F2 /* ViewController.swift in Sources */,
				3B7660C5232CEB99005D65E4 /* PrefsViewController.swift in Sources */,
				3B19DFF423345DFD00A3198C /* AppData.swift in Sources */,
				3B4717C8232E58AD00B349EB /* PrefsWindowController.swift in Sources */,
				3B0EF0B02325084F008061F2 /* AppDelegate.swift in Sources */,
				3B4717CE233446B800B349EB /* PrefsWindow.swift in Sources */,
				3B4717CC23323CD700B349EB /* Storage.swift in Sources */,
			);
			runOnlyForDeploymentPostprocessing = 0;
		};
		3B0EF0BA23250850008061F2 /* Sources */ = {
			isa = PBXSourcesBuildPhase;
			buildActionMask = 2147483647;
			files = (
				3B0EF0C323250850008061F2 /* NoteNowTests.swift in Sources */,
			);
			runOnlyForDeploymentPostprocessing = 0;
		};
/* End PBXSourcesBuildPhase section */

/* Begin PBXTargetDependency section */
		3B0EF0C023250850008061F2 /* PBXTargetDependency */ = {
			isa = PBXTargetDependency;
			target = 3B0EF0AB2325084F008061F2 /* NoteNow */;
			targetProxy = 3B0EF0BF23250850008061F2 /* PBXContainerItemProxy */;
		};
/* End PBXTargetDependency section */

/* Begin PBXVariantGroup section */
		3B0EF0B523250850008061F2 /* Main.storyboard */ = {
			isa = PBXVariantGroup;
			children = (
				3B0EF0B623250850008061F2 /* Base */,
			);
			name = Main.storyboard;
			sourceTree = "<group>";
		};
/* End PBXVariantGroup section */

/* Begin XCBuildConfiguration section */
		3B0EF0C523250850008061F2 /* Debug */ = {
			isa = XCBuildConfiguration;
			buildSettings = {
				ALWAYS_SEARCH_USER_PATHS = NO;
				CLANG_ANALYZER_NONNULL = YES;
				CLANG_ANALYZER_NUMBER_OBJECT_CONVERSION = YES_AGGRESSIVE;
				CLANG_CXX_LANGUAGE_STANDARD = "gnu++14";
				CLANG_CXX_LIBRARY = "libc++";
				CLANG_ENABLE_MODULES = YES;
				CLANG_ENABLE_OBJC_ARC = YES;
				CLANG_ENABLE_OBJC_WEAK = YES;
				CLANG_WARN_BLOCK_CAPTURE_AUTORELEASING = YES;
				CLANG_WARN_BOOL_CONVERSION = YES;
				CLANG_WARN_COMMA = YES;
				CLANG_WARN_CONSTANT_CONVERSION = YES;
				CLANG_WARN_DEPRECATED_OBJC_IMPLEMENTATIONS = YES;
				CLANG_WARN_DIRECT_OBJC_ISA_USAGE = YES_ERROR;
				CLANG_WARN_DOCUMENTATION_COMMENTS = YES;
				CLANG_WARN_EMPTY_BODY = YES;
				CLANG_WARN_ENUM_CONVERSION = YES;
				CLANG_WARN_INFINITE_RECURSION = YES;
				CLANG_WARN_INT_CONVERSION = YES;
				CLANG_WARN_NON_LITERAL_NULL_CONVERSION = YES;
				CLANG_WARN_OBJC_IMPLICIT_RETAIN_SELF = YES;
				CLANG_WARN_OBJC_LITERAL_CONVERSION = YES;
				CLANG_WARN_OBJC_ROOT_CLASS = YES_ERROR;
				CLANG_WARN_RANGE_LOOP_ANALYSIS = YES;
				CLANG_WARN_STRICT_PROTOTYPES = YES;
				CLANG_WARN_SUSPICIOUS_MOVE = YES;
				CLANG_WARN_UNGUARDED_AVAILABILITY = YES_AGGRESSIVE;
				CLANG_WARN_UNREACHABLE_CODE = YES;
				CLANG_WARN__DUPLICATE_METHOD_MATCH = YES;
				CODE_SIGN_IDENTITY = "Mac Developer";
				COPY_PHASE_STRIP = NO;
				DEBUG_INFORMATION_FORMAT = dwarf;
				ENABLE_STRICT_OBJC_MSGSEND = YES;
				ENABLE_TESTABILITY = YES;
				GCC_C_LANGUAGE_STANDARD = gnu11;
				GCC_DYNAMIC_NO_PIC = NO;
				GCC_NO_COMMON_BLOCKS = YES;
				GCC_OPTIMIZATION_LEVEL = 0;
				GCC_PREPROCESSOR_DEFINITIONS = (
					"DEBUG=1",
					"$(inherited)",
				);
				GCC_WARN_64_TO_32_BIT_CONVERSION = YES;
				GCC_WARN_ABOUT_RETURN_TYPE = YES_ERROR;
				GCC_WARN_UNDECLARED_SELECTOR = YES;
				GCC_WARN_UNINITIALIZED_AUTOS = YES_AGGRESSIVE;
				GCC_WARN_UNUSED_FUNCTION = YES;
				GCC_WARN_UNUSED_VARIABLE = YES;
				MACOSX_DEPLOYMENT_TARGET = 10.14;
				MTL_ENABLE_DEBUG_INFO = INCLUDE_SOURCE;
				MTL_FAST_MATH = YES;
				ONLY_ACTIVE_ARCH = YES;
				SDKROOT = macosx;
				SWIFT_ACTIVE_COMPILATION_CONDITIONS = DEBUG;
				SWIFT_OPTIMIZATION_LEVEL = "-Onone";
			};
			name = Debug;
		};
		3B0EF0C623250850008061F2 /* Release */ = {
			isa = XCBuildConfiguration;
			buildSettings = {
				ALWAYS_SEARCH_USER_PATHS = NO;
				CLANG_ANALYZER_NONNULL = YES;
				CLANG_ANALYZER_NUMBER_OBJECT_CONVERSION = YES_AGGRESSIVE;
				CLANG_CXX_LANGUAGE_STANDARD = "gnu++14";
				CLANG_CXX_LIBRARY = "libc++";
				CLANG_ENABLE_MODULES = YES;
				CLANG_ENABLE_OBJC_ARC = YES;
				CLANG_ENABLE_OBJC_WEAK = YES;
				CLANG_WARN_BLOCK_CAPTURE_AUTORELEASING = YES;
				CLANG_WARN_BOOL_CONVERSION = YES;
				CLANG_WARN_COMMA = YES;
				CLANG_WARN_CONSTANT_CONVERSION = YES;
				CLANG_WARN_DEPRECATED_OBJC_IMPLEMENTATIONS = YES;
				CLANG_WARN_DIRECT_OBJC_ISA_USAGE = YES_ERROR;
				CLANG_WARN_DOCUMENTATION_COMMENTS = YES;
				CLANG_WARN_EMPTY_BODY = YES;
				CLANG_WARN_ENUM_CONVERSION = YES;
				CLANG_WARN_INFINITE_RECURSION = YES;
				CLANG_WARN_INT_CONVERSION = YES;
				CLANG_WARN_NON_LITERAL_NULL_CONVERSION = YES;
				CLANG_WARN_OBJC_IMPLICIT_RETAIN_SELF = YES;
				CLANG_WARN_OBJC_LITERAL_CONVERSION = YES;
				CLANG_WARN_OBJC_ROOT_CLASS = YES_ERROR;
				CLANG_WARN_RANGE_LOOP_ANALYSIS = YES;
				CLANG_WARN_STRICT_PROTOTYPES = YES;
				CLANG_WARN_SUSPICIOUS_MOVE = YES;
				CLANG_WARN_UNGUARDED_AVAILABILITY = YES_AGGRESSIVE;
				CLANG_WARN_UNREACHABLE_CODE = YES;
				CLANG_WARN__DUPLICATE_METHOD_MATCH = YES;
				CODE_SIGN_IDENTITY = "Mac Developer";
				COPY_PHASE_STRIP = NO;
				DEBUG_INFORMATION_FORMAT = "dwarf-with-dsym";
				ENABLE_NS_ASSERTIONS = NO;
				ENABLE_STRICT_OBJC_MSGSEND = YES;
				GCC_C_LANGUAGE_STANDARD = gnu11;
				GCC_NO_COMMON_BLOCKS = YES;
				GCC_WARN_64_TO_32_BIT_CONVERSION = YES;
				GCC_WARN_ABOUT_RETURN_TYPE = YES_ERROR;
				GCC_WARN_UNDECLARED_SELECTOR = YES;
				GCC_WARN_UNINITIALIZED_AUTOS = YES_AGGRESSIVE;
				GCC_WARN_UNUSED_FUNCTION = YES;
				GCC_WARN_UNUSED_VARIABLE = YES;
				MACOSX_DEPLOYMENT_TARGET = 10.14;
				MTL_ENABLE_DEBUG_INFO = NO;
				MTL_FAST_MATH = YES;
				SDKROOT = macosx;
				SWIFT_COMPILATION_MODE = wholemodule;
				SWIFT_OPTIMIZATION_LEVEL = "-O";
			};
			name = Release;
		};
		3B0EF0C823250850008061F2 /* Debug */ = {
			isa = XCBuildConfiguration;
			buildSettings = {
				ASSETCATALOG_COMPILER_APPICON_NAME = AppIcon;
				CODE_SIGN_ENTITLEMENTS = NoteNow/NoteNow.entitlements;
				CODE_SIGN_STYLE = Automatic;
				COMBINE_HIDPI_IMAGES = YES;
				DEVELOPMENT_TEAM = JNLV9JG87V;
				FRAMEWORK_SEARCH_PATHS = (
					"$(inherited)",
					"$(PROJECT_DIR)/Carthage/Build/Mac",
				);
				INFOPLIST_FILE = NoteNow/Info.plist;
				LD_RUNPATH_SEARCH_PATHS = (
					"$(inherited)",
					"@executable_path/../Frameworks",
				);
				PRODUCT_BUNDLE_IDENTIFIER = com.huonimberger.NoteNow;
				PRODUCT_NAME = "$(TARGET_NAME)";
				SWIFT_VERSION = 5.0;
			};
			name = Debug;
		};
		3B0EF0C923250850008061F2 /* Release */ = {
			isa = XCBuildConfiguration;
			buildSettings = {
				ASSETCATALOG_COMPILER_APPICON_NAME = AppIcon;
				CODE_SIGN_ENTITLEMENTS = NoteNow/NoteNow.entitlements;
				CODE_SIGN_STYLE = Automatic;
				COMBINE_HIDPI_IMAGES = YES;
				DEVELOPMENT_TEAM = JNLV9JG87V;
				FRAMEWORK_SEARCH_PATHS = (
					"$(inherited)",
					"$(PROJECT_DIR)/Carthage/Build/Mac",
				);
				INFOPLIST_FILE = NoteNow/Info.plist;
				LD_RUNPATH_SEARCH_PATHS = (
					"$(inherited)",
					"@executable_path/../Frameworks",
				);
				PRODUCT_BUNDLE_IDENTIFIER = com.huonimberger.NoteNow;
				PRODUCT_NAME = "$(TARGET_NAME)";
				SWIFT_VERSION = 5.0;
			};
			name = Release;
		};
		3B0EF0CB23250850008061F2 /* Debug */ = {
			isa = XCBuildConfiguration;
			buildSettings = {
				ALWAYS_EMBED_SWIFT_STANDARD_LIBRARIES = YES;
				BUNDLE_LOADER = "$(TEST_HOST)";
				CODE_SIGN_STYLE = Automatic;
				COMBINE_HIDPI_IMAGES = YES;
				DEVELOPMENT_TEAM = JNLV9JG87V;
				INFOPLIST_FILE = NoteNowTests/Info.plist;
				LD_RUNPATH_SEARCH_PATHS = (
					"$(inherited)",
					"@executable_path/../Frameworks",
					"@loader_path/../Frameworks",
				);
				PRODUCT_BUNDLE_IDENTIFIER = com.huonimberger.NoteNowTests;
				PRODUCT_NAME = "$(TARGET_NAME)";
				SWIFT_VERSION = 5.0;
				TEST_HOST = "$(BUILT_PRODUCTS_DIR)/NoteNow.app/Contents/MacOS/NoteNow";
			};
			name = Debug;
		};
		3B0EF0CC23250850008061F2 /* Release */ = {
			isa = XCBuildConfiguration;
			buildSettings = {
				ALWAYS_EMBED_SWIFT_STANDARD_LIBRARIES = YES;
				BUNDLE_LOADER = "$(TEST_HOST)";
				CODE_SIGN_STYLE = Automatic;
				COMBINE_HIDPI_IMAGES = YES;
				DEVELOPMENT_TEAM = JNLV9JG87V;
				INFOPLIST_FILE = NoteNowTests/Info.plist;
				LD_RUNPATH_SEARCH_PATHS = (
					"$(inherited)",
					"@executable_path/../Frameworks",
					"@loader_path/../Frameworks",
				);
				PRODUCT_BUNDLE_IDENTIFIER = com.huonimberger.NoteNowTests;
				PRODUCT_NAME = "$(TARGET_NAME)";
				SWIFT_VERSION = 5.0;
				TEST_HOST = "$(BUILT_PRODUCTS_DIR)/NoteNow.app/Contents/MacOS/NoteNow";
			};
			name = Release;
		};
/* End XCBuildConfiguration section */

/* Begin XCConfigurationList section */
		3B0EF0A72325084F008061F2 /* Build configuration list for PBXProject "NoteNow" */ = {
			isa = XCConfigurationList;
			buildConfigurations = (
				3B0EF0C523250850008061F2 /* Debug */,
				3B0EF0C623250850008061F2 /* Release */,
			);
			defaultConfigurationIsVisible = 0;
			defaultConfigurationName = Release;
		};
		3B0EF0C723250850008061F2 /* Build configuration list for PBXNativeTarget "NoteNow" */ = {
			isa = XCConfigurationList;
			buildConfigurations = (
				3B0EF0C823250850008061F2 /* Debug */,
				3B0EF0C923250850008061F2 /* Release */,
			);
			defaultConfigurationIsVisible = 0;
			defaultConfigurationName = Release;
		};
		3B0EF0CA23250850008061F2 /* Build configuration list for PBXNativeTarget "NoteNowTests" */ = {
			isa = XCConfigurationList;
			buildConfigurations = (
				3B0EF0CB23250850008061F2 /* Debug */,
				3B0EF0CC23250850008061F2 /* Release */,
			);
			defaultConfigurationIsVisible = 0;
			defaultConfigurationName = Release;
		};
/* End XCConfigurationList section */
	};
	rootObject = 3B0EF0A42325084F008061F2 /* Project object */;
}
